
Microsoft Visual Studio Solution File, Format Version 12.00
# Visual Studio Version 16
VisualStudioVersion = 16.0.30717.126
MinimumVisualStudioVersion = 10.0.40219.1
Project("{FAE04EC0-301F-11D3-BF4B-00C04F79EFBC}") = "CLCSystem", "CLCSystem.csproj", "{AAE7094B-1259-4067-ADEF-712BAD13F8C1}"
EndProject
Global
	GlobalSection(SolutionConfigurationPlatforms) = preSolution
		Debug|Any CPU = Debug|Any CPU
		Release|Any CPU = Release|Any CPU
	EndGlobalSection
	GlobalSection(ProjectConfigurationPlatforms) = postSolution
		{AAE7094B-1259-4067-ADEF-712BAD13F8C1}.Debug|Any CPU.ActiveCfg = Debug|Any CPU
		{AAE7094B-1259-4067-ADEF-712BAD13F8C1}.Debug|Any CPU.Build.0 = Debug|Any CPU
		{AAE7094B-1259-4067-ADEF-712BAD13F8C1}.Release|Any CPU.ActiveCfg = Release|Any CPU
		{AAE7094B-1259-4067-ADEF-712BAD13F8C1}.Release|Any CPU.Build.0 = Release|Any CPU
	EndGlobalSection
	GlobalSection(SolutionProperties) = preSolution
		HideSolutionNode = FALSE
	EndGlobalSection
	GlobalSection(ExtensibilityGlobals) = postSolution
		SolutionGuid = {EBA5B541-0BF2-40F3-B372-110C35E8A9CE}
	EndGlobalSection
EndGlobal
